
Microsoft Visual Studio Solution File, Format Version 12.00
# Visual Studio Version 17
VisualStudioVersion = 17.13.35931.197 d17.13
MinimumVisualStudioVersion = 10.0.40219.1
Project("{FAE04EC0-301F-11D3-BF4B-00C04F79EFBC}") = "TaskManagementAPI", "TaskManagementAPI\TaskManagementAPI.csproj", "{A312BD23-3E32-4330-BD68-07BAD28A3DF7}"
EndProject
Project("{FAE04EC0-301F-11D3-BF4B-00C04F79EFBC}") = "Services", "Services\Services.csproj", "{31AF3878-155C-46D7-BFA9-F2F8D067F2A3}"
EndProject
Project("{FAE04EC0-301F-11D3-BF4B-00C04F79EFBC}") = "Repositories", "Repositories\Repositories.csproj", "{813F4674-AB10-4C73-9ADC-1858D2CCC02A}"
EndProject
Project("{FAE04EC0-301F-11D3-BF4B-00C04F79EFBC}") = "Domain", "Domain\Domain.csproj", "{11995A4C-D2D4-41D9-810D-E944ECA2BCFF}"
EndProject
Project("{FAE04EC0-301F-11D3-BF4B-00C04F79EFBC}") = "Data", "Data\Data.csproj", "{CA8A8367-BB26-4A15-B800-6CC28B2E83A2}"
EndProject
Global
	GlobalSection(SolutionConfigurationPlatforms) = preSolution
		Debug|Any CPU = Debug|Any CPU
		Release|Any CPU = Release|Any CPU
	EndGlobalSection
	GlobalSection(ProjectConfigurationPlatforms) = postSolution
		{A312BD23-3E32-4330-BD68-07BAD28A3DF7}.Debug|Any CPU.ActiveCfg = Debug|Any CPU
		{A312BD23-3E32-4330-BD68-07BAD28A3DF7}.Debug|Any CPU.Build.0 = Debug|Any CPU
		{A312BD23-3E32-4330-BD68-07BAD28A3DF7}.Release|Any CPU.ActiveCfg = Release|Any CPU
		{A312BD23-3E32-4330-BD68-07BAD28A3DF7}.Release|Any CPU.Build.0 = Release|Any CPU
		{31AF3878-155C-46D7-BFA9-F2F8D067F2A3}.Debug|Any CPU.ActiveCfg = Debug|Any CPU
		{31AF3878-155C-46D7-BFA9-F2F8D067F2A3}.Debug|Any CPU.Build.0 = Debug|Any CPU
		{31AF3878-155C-46D7-BFA9-F2F8D067F2A3}.Release|Any CPU.ActiveCfg = Release|Any CPU
		{31AF3878-155C-46D7-BFA9-F2F8D067F2A3}.Release|Any CPU.Build.0 = Release|Any CPU
		{813F4674-AB10-4C73-9ADC-1858D2CCC02A}.Debug|Any CPU.ActiveCfg = Debug|Any CPU
		{813F4674-AB10-4C73-9ADC-1858D2CCC02A}.Debug|Any CPU.Build.0 = Debug|Any CPU
		{813F4674-AB10-4C73-9ADC-1858D2CCC02A}.Release|Any CPU.ActiveCfg = Release|Any CPU
		{813F4674-AB10-4C73-9ADC-1858D2CCC02A}.Release|Any CPU.Build.0 = Release|Any CPU
		{11995A4C-D2D4-41D9-810D-E944ECA2BCFF}.Debug|Any CPU.ActiveCfg = Debug|Any CPU
		{11995A4C-D2D4-41D9-810D-E944ECA2BCFF}.Debug|Any CPU.Build.0 = Debug|Any CPU
		{11995A4C-D2D4-41D9-810D-E944ECA2BCFF}.Release|Any CPU.ActiveCfg = Release|Any CPU
		{11995A4C-D2D4-41D9-810D-E944ECA2BCFF}.Release|Any CPU.Build.0 = Release|Any CPU
		{CA8A8367-BB26-4A15-B800-6CC28B2E83A2}.Debug|Any CPU.ActiveCfg = Debug|Any CPU
		{CA8A8367-BB26-4A15-B800-6CC28B2E83A2}.Debug|Any CPU.Build.0 = Debug|Any CPU
		{CA8A8367-BB26-4A15-B800-6CC28B2E83A2}.Release|Any CPU.ActiveCfg = Release|Any CPU
		{CA8A8367-BB26-4A15-B800-6CC28B2E83A2}.Release|Any CPU.Build.0 = Release|Any CPU
	EndGlobalSection
	GlobalSection(SolutionProperties) = preSolution
		HideSolutionNode = FALSE
	EndGlobalSection
	GlobalSection(ExtensibilityGlobals) = postSolution
		SolutionGuid = {47F48A4B-E0D4-40E1-A9E4-90CF14CBE33B}
	EndGlobalSection
EndGlobal
